// !$*UTF8*$!
{
	archiveVersion = 1;
	classes = {
	};
	objectVersion = 46;
	objects = {

/* Begin PBXBuildFile section */
		9C370A99166FE29D00B40F36 /* Arrow01.png in Resources */ = {isa = PBXBuildFile; fileRef = 9C370A6F166FE29D00B40F36 /* Arrow01.png */; };
		9C370A9A166FE29D00B40F36 /* Arrow01@2x.png in Resources */ = {isa = PBXBuildFile; fileRef = 9C370A70166FE29D00B40F36 /* Arrow01@2x.png */; };
		9C370A9B166FE29D00B40F36 /* Arrow02.png in Resources */ = {isa = PBXBuildFile; fileRef = 9C370A71166FE29D00B40F36 /* Arrow02.png */; };
		9C370A9C166FE29D00B40F36 /* Arrow02@2x.png in Resources */ = {isa = PBXBuildFile; fileRef = 9C370A72166FE29D00B40F36 /* Arrow02@2x.png */; };
		9C370A9D166FE29D00B40F36 /* BlueButtonBackgroundNormal.png in Resources */ = {isa = PBXBuildFile; fileRef = 9C370A73166FE29D00B40F36 /* BlueButtonBackgroundNormal.png */; };
		9C370A9E166FE29D00B40F36 /* BlueButtonBackgroundNormal@2x.png in Resources */ = {isa = PBXBuildFile; fileRef = 9C370A74166FE29D00B40F36 /* BlueButtonBackgroundNormal@2x.png */; };
		9C370A9F166FE29D00B40F36 /* CardLogo.png in Resources */ = {isa = PBXBuildFile; fileRef = 9C370A75166FE29D00B40F36 /* CardLogo.png */; };
		9C370AA0166FE29D00B40F36 /* CardLogo@2x.png in Resources */ = {isa = PBXBuildFile; fileRef = 9C370A76166FE29D00B40F36 /* CardLogo@2x.png */; };
		9C370AA1166FE29D00B40F36 /* CheckboxCheck.png in Resources */ = {isa = PBXBuildFile; fileRef = 9C370A77166FE29D00B40F36 /* CheckboxCheck.png */; };
		9C370AA2166FE29D00B40F36 /* CheckboxCheck@2x.png in Resources */ = {isa = PBXBuildFile; fileRef = 9C370A78166FE29D00B40F36 /* CheckboxCheck@2x.png */; };
		9C370AA3166FE29D00B40F36 /* CheckboxUnchecked.png in Resources */ = {isa = PBXBuildFile; fileRef = 9C370A79166FE29D00B40F36 /* CheckboxUnchecked.png */; };
		9C370AA4166FE29D00B40F36 /* CheckboxUnchecked@2x.png in Resources */ = {isa = PBXBuildFile; fileRef = 9C370A7A166FE29D00B40F36 /* CheckboxUnchecked@2x.png */; };
		9C370AA5166FE29D00B40F36 /* CreditCard.png in Resources */ = {isa = PBXBuildFile; fileRef = 9C370A7B166FE29D00B40F36 /* CreditCard.png */; };
		9C370AA6166FE29D00B40F36 /* CreditCard@2x.png in Resources */ = {isa = PBXBuildFile; fileRef = 9C370A7C166FE29D00B40F36 /* CreditCard@2x.png */; };
		9C370AA7166FE29D00B40F36 /* iPhone.png in Resources */ = {isa = PBXBuildFile; fileRef = 9C370A7D166FE29D00B40F36 /* iPhone.png */; };
		9C370AA8166FE29D00B40F36 /* iPhone@2x.png in Resources */ = {isa = PBXBuildFile; fileRef = 9C370A7E166FE29D00B40F36 /* iPhone@2x.png */; };
		9C370AA9166FE29D00B40F36 /* libVenmoSDK.a in Frameworks */ = {isa = PBXBuildFile; fileRef = 9C370A7F166FE29D00B40F36 /* libVenmoSDK.a */; };
		9C370AAA166FE29D00B40F36 /* Lock.png in Resources */ = {isa = PBXBuildFile; fileRef = 9C370A80166FE29D00B40F36 /* Lock.png */; };
		9C370AAB166FE29D00B40F36 /* Lock@2x.png in Resources */ = {isa = PBXBuildFile; fileRef = 9C370A81166FE29D00B40F36 /* Lock@2x.png */; };
		9C370AAC166FE29D00B40F36 /* ModalClose.png in Resources */ = {isa = PBXBuildFile; fileRef = 9C370A82166FE29D00B40F36 /* ModalClose.png */; };
		9C370AAD166FE29D00B40F36 /* ModalClose@2x.png in Resources */ = {isa = PBXBuildFile; fileRef = 9C370A83166FE29D00B40F36 /* ModalClose@2x.png */; };
		9C370AAE166FE29D00B40F36 /* UseCardArrow.png in Resources */ = {isa = PBXBuildFile; fileRef = 9C370A84166FE29D00B40F36 /* UseCardArrow.png */; };
		9C370AAF166FE29D00B40F36 /* UseCardArrow@2x.png in Resources */ = {isa = PBXBuildFile; fileRef = 9C370A85166FE29D00B40F36 /* UseCardArrow@2x.png */; };
		9C370AB0166FE29D00B40F36 /* UseCardMag.png in Resources */ = {isa = PBXBuildFile; fileRef = 9C370A86166FE29D00B40F36 /* UseCardMag.png */; };
		9C370AB1166FE29D00B40F36 /* UseCardMag@2x.png in Resources */ = {isa = PBXBuildFile; fileRef = 9C370A87166FE29D00B40F36 /* UseCardMag@2x.png */; };
		9C370AB2166FE29D00B40F36 /* UseCardRoundButton.png in Resources */ = {isa = PBXBuildFile; fileRef = 9C370A88166FE29D00B40F36 /* UseCardRoundButton.png */; };
		9C370AB3166FE29D00B40F36 /* UseCardRoundButton@2x.png in Resources */ = {isa = PBXBuildFile; fileRef = 9C370A89166FE29D00B40F36 /* UseCardRoundButton@2x.png */; };
		9C370AB4166FE29D00B40F36 /* UseCardRoundL.png in Resources */ = {isa = PBXBuildFile; fileRef = 9C370A8A166FE29D00B40F36 /* UseCardRoundL.png */; };
		9C370AB5166FE29D00B40F36 /* UseCardRoundL@2x.png in Resources */ = {isa = PBXBuildFile; fileRef = 9C370A8B166FE29D00B40F36 /* UseCardRoundL@2x.png */; };
		9C370AB6166FE29D00B40F36 /* UseCardRoundR.png in Resources */ = {isa = PBXBuildFile; fileRef = 9C370A8C166FE29D00B40F36 /* UseCardRoundR.png */; };
		9C370AB7166FE29D00B40F36 /* UseCardRoundR@2x.png in Resources */ = {isa = PBXBuildFile; fileRef = 9C370A8D166FE29D00B40F36 /* UseCardRoundR@2x.png */; };
		9C370AB8166FE29D00B40F36 /* VenmoButton.png in Resources */ = {isa = PBXBuildFile; fileRef = 9C370A91166FE29D00B40F36 /* VenmoButton.png */; };
		9C370AB9166FE29D00B40F36 /* VenmoButton@2x.png in Resources */ = {isa = PBXBuildFile; fileRef = 9C370A92166FE29D00B40F36 /* VenmoButton@2x.png */; };
		9C370ABA166FE29D00B40F36 /* VenmoIcon.png in Resources */ = {isa = PBXBuildFile; fileRef = 9C370A93166FE29D00B40F36 /* VenmoIcon.png */; };
		9C370ABB166FE29D00B40F36 /* VenmoIcon@2x.png in Resources */ = {isa = PBXBuildFile; fileRef = 9C370A94166FE29D00B40F36 /* VenmoIcon@2x.png */; };
		9C370ABC166FE29D00B40F36 /* VenmoLogoGray.png in Resources */ = {isa = PBXBuildFile; fileRef = 9C370A95166FE29D00B40F36 /* VenmoLogoGray.png */; };
		9C370ABD166FE29D00B40F36 /* VenmoLogoGray@2x.png in Resources */ = {isa = PBXBuildFile; fileRef = 9C370A96166FE29D00B40F36 /* VenmoLogoGray@2x.png */; };
		9C370ABE166FE29D00B40F36 /* VenmoMerchantImage.png in Resources */ = {isa = PBXBuildFile; fileRef = 9C370A97166FE29D00B40F36 /* VenmoMerchantImage.png */; };
		9C370ABF166FE29D00B40F36 /* VenmoMerchantImage@2x.png in Resources */ = {isa = PBXBuildFile; fileRef = 9C370A98166FE29D00B40F36 /* VenmoMerchantImage@2x.png */; };
		9C3A63E51656DC9E004C7F73 /* UIKit.framework in Frameworks */ = {isa = PBXBuildFile; fileRef = 9C3A63E41656DC9E004C7F73 /* UIKit.framework */; };
		9C3A63E71656DC9E004C7F73 /* Foundation.framework in Frameworks */ = {isa = PBXBuildFile; fileRef = 9C3A63E61656DC9E004C7F73 /* Foundation.framework */; };
		9C3A63E91656DC9E004C7F73 /* CoreGraphics.framework in Frameworks */ = {isa = PBXBuildFile; fileRef = 9C3A63E81656DC9E004C7F73 /* CoreGraphics.framework */; };
		9C3A63EF1656DC9E004C7F73 /* InfoPlist.strings in Resources */ = {isa = PBXBuildFile; fileRef = 9C3A63ED1656DC9E004C7F73 /* InfoPlist.strings */; };
		9C3A63F11656DC9E004C7F73 /* main.m in Sources */ = {isa = PBXBuildFile; fileRef = 9C3A63F01656DC9E004C7F73 /* main.m */; };
		9C3A63F51656DC9E004C7F73 /* AppDelegate.m in Sources */ = {isa = PBXBuildFile; fileRef = 9C3A63F41656DC9E004C7F73 /* AppDelegate.m */; };
		9C3A63F71656DC9E004C7F73 /* Default.png in Resources */ = {isa = PBXBuildFile; fileRef = 9C3A63F61656DC9E004C7F73 /* Default.png */; };
		9C3A63F91656DC9E004C7F73 /* Default@2x.png in Resources */ = {isa = PBXBuildFile; fileRef = 9C3A63F81656DC9E004C7F73 /* Default@2x.png */; };
		9C3A63FB1656DC9E004C7F73 /* Default-568h@2x.png in Resources */ = {isa = PBXBuildFile; fileRef = 9C3A63FA1656DC9E004C7F73 /* Default-568h@2x.png */; };
		9C3A64091656DF29004C7F73 /* TableViewController.m in Sources */ = {isa = PBXBuildFile; fileRef = 9C3A64081656DF29004C7F73 /* TableViewController.m */; };
		9C3A64351656E141004C7F73 /* Security.framework in Frameworks */ = {isa = PBXBuildFile; fileRef = 9C3A64341656E141004C7F73 /* Security.framework */; };
		9C6860E1165F504F000568A8 /* FSN_categories.m in Sources */ = {isa = PBXBuildFile; fileRef = 9C6860DC165F504F000568A8 /* FSN_categories.m */; };
		9C6860E2165F504F000568A8 /* FSNConnection.m in Sources */ = {isa = PBXBuildFile; fileRef = 9C6860DE165F504F000568A8 /* FSNConnection.m */; };
		9C6860E3165F504F000568A8 /* FSNData.m in Sources */ = {isa = PBXBuildFile; fileRef = 9C6860E0165F504F000568A8 /* FSNData.m */; };
/* End PBXBuildFile section */

/* Begin PBXFileReference section */
		9C370A6F166FE29D00B40F36 /* Arrow01.png */ = {isa = PBXFileReference; lastKnownFileType = image.png; name = Arrow01.png; path = "Libraries/Venmo SDK/Arrow01.png"; sourceTree = "<group>"; };
		9C370A70166FE29D00B40F36 /* Arrow01@2x.png */ = {isa = PBXFileReference; lastKnownFileType = image.png; name = "Arrow01@2x.png"; path = "Libraries/Venmo SDK/Arrow01@2x.png"; sourceTree = "<group>"; };
		9C370A71166FE29D00B40F36 /* Arrow02.png */ = {isa = PBXFileReference; lastKnownFileType = image.png; name = Arrow02.png; path = "Libraries/Venmo SDK/Arrow02.png"; sourceTree = "<group>"; };
		9C370A72166FE29D00B40F36 /* Arrow02@2x.png */ = {isa = PBXFileReference; lastKnownFileType = image.png; name = "Arrow02@2x.png"; path = "Libraries/Venmo SDK/Arrow02@2x.png"; sourceTree = "<group>"; };
		9C370A73166FE29D00B40F36 /* BlueButtonBackgroundNormal.png */ = {isa = PBXFileReference; lastKnownFileType = image.png; name = BlueButtonBackgroundNormal.png; path = "Libraries/Venmo SDK/BlueButtonBackgroundNormal.png"; sourceTree = "<group>"; };
		9C370A74166FE29D00B40F36 /* BlueButtonBackgroundNormal@2x.png */ = {isa = PBXFileReference; lastKnownFileType = image.png; name = "BlueButtonBackgroundNormal@2x.png"; path = "Libraries/Venmo SDK/BlueButtonBackgroundNormal@2x.png"; sourceTree = "<group>"; };
		9C370A75166FE29D00B40F36 /* CardLogo.png */ = {isa = PBXFileReference; lastKnownFileType = image.png; name = CardLogo.png; path = "Libraries/Venmo SDK/CardLogo.png"; sourceTree = "<group>"; };
		9C370A76166FE29D00B40F36 /* CardLogo@2x.png */ = {isa = PBXFileReference; lastKnownFileType = image.png; name = "CardLogo@2x.png"; path = "Libraries/Venmo SDK/CardLogo@2x.png"; sourceTree = "<group>"; };
		9C370A77166FE29D00B40F36 /* CheckboxCheck.png */ = {isa = PBXFileReference; lastKnownFileType = image.png; name = CheckboxCheck.png; path = "Libraries/Venmo SDK/CheckboxCheck.png"; sourceTree = "<group>"; };
		9C370A78166FE29D00B40F36 /* CheckboxCheck@2x.png */ = {isa = PBXFileReference; lastKnownFileType = image.png; name = "CheckboxCheck@2x.png"; path = "Libraries/Venmo SDK/CheckboxCheck@2x.png"; sourceTree = "<group>"; };
		9C370A79166FE29D00B40F36 /* CheckboxUnchecked.png */ = {isa = PBXFileReference; lastKnownFileType = image.png; name = CheckboxUnchecked.png; path = "Libraries/Venmo SDK/CheckboxUnchecked.png"; sourceTree = "<group>"; };
		9C370A7A166FE29D00B40F36 /* CheckboxUnchecked@2x.png */ = {isa = PBXFileReference; lastKnownFileType = image.png; name = "CheckboxUnchecked@2x.png"; path = "Libraries/Venmo SDK/CheckboxUnchecked@2x.png"; sourceTree = "<group>"; };
		9C370A7B166FE29D00B40F36 /* CreditCard.png */ = {isa = PBXFileReference; lastKnownFileType = image.png; name = CreditCard.png; path = "Libraries/Venmo SDK/CreditCard.png"; sourceTree = "<group>"; };
		9C370A7C166FE29D00B40F36 /* CreditCard@2x.png */ = {isa = PBXFileReference; lastKnownFileType = image.png; name = "CreditCard@2x.png"; path = "Libraries/Venmo SDK/CreditCard@2x.png"; sourceTree = "<group>"; };
		9C370A7D166FE29D00B40F36 /* iPhone.png */ = {isa = PBXFileReference; lastKnownFileType = image.png; name = iPhone.png; path = "Libraries/Venmo SDK/iPhone.png"; sourceTree = "<group>"; };
		9C370A7E166FE29D00B40F36 /* iPhone@2x.png */ = {isa = PBXFileReference; lastKnownFileType = image.png; name = "iPhone@2x.png"; path = "Libraries/Venmo SDK/iPhone@2x.png"; sourceTree = "<group>"; };
		9C370A7F166FE29D00B40F36 /* libVenmoSDK.a */ = {isa = PBXFileReference; lastKnownFileType = archive.ar; name = libVenmoSDK.a; path = "Libraries/Venmo SDK/libVenmoSDK.a"; sourceTree = "<group>"; };
		9C370A80166FE29D00B40F36 /* Lock.png */ = {isa = PBXFileReference; lastKnownFileType = image.png; name = Lock.png; path = "Libraries/Venmo SDK/Lock.png"; sourceTree = "<group>"; };
		9C370A81166FE29D00B40F36 /* Lock@2x.png */ = {isa = PBXFileReference; lastKnownFileType = image.png; name = "Lock@2x.png"; path = "Libraries/Venmo SDK/Lock@2x.png"; sourceTree = "<group>"; };
		9C370A82166FE29D00B40F36 /* ModalClose.png */ = {isa = PBXFileReference; lastKnownFileType = image.png; name = ModalClose.png; path = "Libraries/Venmo SDK/ModalClose.png"; sourceTree = "<group>"; };
		9C370A83166FE29D00B40F36 /* ModalClose@2x.png */ = {isa = PBXFileReference; lastKnownFileType = image.png; name = "ModalClose@2x.png"; path = "Libraries/Venmo SDK/ModalClose@2x.png"; sourceTree = "<group>"; };
		9C370A84166FE29D00B40F36 /* UseCardArrow.png */ = {isa = PBXFileReference; lastKnownFileType = image.png; name = UseCardArrow.png; path = "Libraries/Venmo SDK/UseCardArrow.png"; sourceTree = "<group>"; };
		9C370A85166FE29D00B40F36 /* UseCardArrow@2x.png */ = {isa = PBXFileReference; lastKnownFileType = image.png; name = "UseCardArrow@2x.png"; path = "Libraries/Venmo SDK/UseCardArrow@2x.png"; sourceTree = "<group>"; };
		9C370A86166FE29D00B40F36 /* UseCardMag.png */ = {isa = PBXFileReference; lastKnownFileType = image.png; name = UseCardMag.png; path = "Libraries/Venmo SDK/UseCardMag.png"; sourceTree = "<group>"; };
		9C370A87166FE29D00B40F36 /* UseCardMag@2x.png */ = {isa = PBXFileReference; lastKnownFileType = image.png; name = "UseCardMag@2x.png"; path = "Libraries/Venmo SDK/UseCardMag@2x.png"; sourceTree = "<group>"; };
		9C370A88166FE29D00B40F36 /* UseCardRoundButton.png */ = {isa = PBXFileReference; lastKnownFileType = image.png; name = UseCardRoundButton.png; path = "Libraries/Venmo SDK/UseCardRoundButton.png"; sourceTree = "<group>"; };
		9C370A89166FE29D00B40F36 /* UseCardRoundButton@2x.png */ = {isa = PBXFileReference; lastKnownFileType = image.png; name = "UseCardRoundButton@2x.png"; path = "Libraries/Venmo SDK/UseCardRoundButton@2x.png"; sourceTree = "<group>"; };
		9C370A8A166FE29D00B40F36 /* UseCardRoundL.png */ = {isa = PBXFileReference; lastKnownFileType = image.png; name = UseCardRoundL.png; path = "Libraries/Venmo SDK/UseCardRoundL.png"; sourceTree = "<group>"; };
		9C370A8B166FE29D00B40F36 /* UseCardRoundL@2x.png */ = {isa = PBXFileReference; lastKnownFileType = image.png; name = "UseCardRoundL@2x.png"; path = "Libraries/Venmo SDK/UseCardRoundL@2x.png"; sourceTree = "<group>"; };
		9C370A8C166FE29D00B40F36 /* UseCardRoundR.png */ = {isa = PBXFileReference; lastKnownFileType = image.png; name = UseCardRoundR.png; path = "Libraries/Venmo SDK/UseCardRoundR.png"; sourceTree = "<group>"; };
		9C370A8D166FE29D00B40F36 /* UseCardRoundR@2x.png */ = {isa = PBXFileReference; lastKnownFileType = image.png; name = "UseCardRoundR@2x.png"; path = "Libraries/Venmo SDK/UseCardRoundR@2x.png"; sourceTree = "<group>"; };
		9C370A8E166FE29D00B40F36 /* VDKCardWidget.h */ = {isa = PBXFileReference; fileEncoding = 4; lastKnownFileType = sourcecode.c.h; name = VDKCardWidget.h; path = "Libraries/Venmo SDK/VDKCardWidget.h"; sourceTree = "<group>"; };
		9C370A8F166FE29D00B40F36 /* VDKCheckboxWidget.h */ = {isa = PBXFileReference; fileEncoding = 4; lastKnownFileType = sourcecode.c.h; name = VDKCheckboxWidget.h; path = "Libraries/Venmo SDK/VDKCheckboxWidget.h"; sourceTree = "<group>"; };
		9C370A90166FE29D00B40F36 /* VDKClient.h */ = {isa = PBXFileReference; fileEncoding = 4; lastKnownFileType = sourcecode.c.h; name = VDKClient.h; path = "Libraries/Venmo SDK/VDKClient.h"; sourceTree = "<group>"; };
		9C370A91166FE29D00B40F36 /* VenmoButton.png */ = {isa = PBXFileReference; lastKnownFileType = image.png; name = VenmoButton.png; path = "Libraries/Venmo SDK/VenmoButton.png"; sourceTree = "<group>"; };
		9C370A92166FE29D00B40F36 /* VenmoButton@2x.png */ = {isa = PBXFileReference; lastKnownFileType = image.png; name = "VenmoButton@2x.png"; path = "Libraries/Venmo SDK/VenmoButton@2x.png"; sourceTree = "<group>"; };
		9C370A93166FE29D00B40F36 /* VenmoIcon.png */ = {isa = PBXFileReference; lastKnownFileType = image.png; name = VenmoIcon.png; path = "Libraries/Venmo SDK/VenmoIcon.png"; sourceTree = "<group>"; };
		9C370A94166FE29D00B40F36 /* VenmoIcon@2x.png */ = {isa = PBXFileReference; lastKnownFileType = image.png; name = "VenmoIcon@2x.png"; path = "Libraries/Venmo SDK/VenmoIcon@2x.png"; sourceTree = "<group>"; };
		9C370A95166FE29D00B40F36 /* VenmoLogoGray.png */ = {isa = PBXFileReference; lastKnownFileType = image.png; name = VenmoLogoGray.png; path = "Libraries/Venmo SDK/VenmoLogoGray.png"; sourceTree = "<group>"; };
		9C370A96166FE29D00B40F36 /* VenmoLogoGray@2x.png */ = {isa = PBXFileReference; lastKnownFileType = image.png; name = "VenmoLogoGray@2x.png"; path = "Libraries/Venmo SDK/VenmoLogoGray@2x.png"; sourceTree = "<group>"; };
		9C370A97166FE29D00B40F36 /* VenmoMerchantImage.png */ = {isa = PBXFileReference; lastKnownFileType = image.png; name = VenmoMerchantImage.png; path = "Libraries/Venmo SDK/VenmoMerchantImage.png"; sourceTree = "<group>"; };
		9C370A98166FE29D00B40F36 /* VenmoMerchantImage@2x.png */ = {isa = PBXFileReference; lastKnownFileType = image.png; name = "VenmoMerchantImage@2x.png"; path = "Libraries/Venmo SDK/VenmoMerchantImage@2x.png"; sourceTree = "<group>"; };
		9C3A63E01656DC9E004C7F73 /* VenmoIOSSDKSampleApp.app */ = {isa = PBXFileReference; explicitFileType = wrapper.application; includeInIndex = 0; path = VenmoIOSSDKSampleApp.app; sourceTree = BUILT_PRODUCTS_DIR; };
		9C3A63E41656DC9E004C7F73 /* UIKit.framework */ = {isa = PBXFileReference; lastKnownFileType = wrapper.framework; name = UIKit.framework; path = System/Library/Frameworks/UIKit.framework; sourceTree = SDKROOT; };
		9C3A63E61656DC9E004C7F73 /* Foundation.framework */ = {isa = PBXFileReference; lastKnownFileType = wrapper.framework; name = Foundation.framework; path = System/Library/Frameworks/Foundation.framework; sourceTree = SDKROOT; };
		9C3A63E81656DC9E004C7F73 /* CoreGraphics.framework */ = {isa = PBXFileReference; lastKnownFileType = wrapper.framework; name = CoreGraphics.framework; path = System/Library/Frameworks/CoreGraphics.framework; sourceTree = SDKROOT; };
		9C3A63EC1656DC9E004C7F73 /* VenmoIOSSDKSampleApp-Info.plist */ = {isa = PBXFileReference; lastKnownFileType = text.plist.xml; path = "VenmoIOSSDKSampleApp-Info.plist"; sourceTree = "<group>"; };
		9C3A63EE1656DC9E004C7F73 /* en */ = {isa = PBXFileReference; lastKnownFileType = text.plist.strings; name = en; path = en.lproj/InfoPlist.strings; sourceTree = "<group>"; };
		9C3A63F01656DC9E004C7F73 /* main.m */ = {isa = PBXFileReference; lastKnownFileType = sourcecode.c.objc; path = main.m; sourceTree = "<group>"; };
		9C3A63F21656DC9E004C7F73 /* VenmoIOSSDKSampleApp-Prefix.pch */ = {isa = PBXFileReference; lastKnownFileType = sourcecode.c.h; path = "VenmoIOSSDKSampleApp-Prefix.pch"; sourceTree = "<group>"; };
		9C3A63F31656DC9E004C7F73 /* AppDelegate.h */ = {isa = PBXFileReference; lastKnownFileType = sourcecode.c.h; path = AppDelegate.h; sourceTree = "<group>"; };
		9C3A63F41656DC9E004C7F73 /* AppDelegate.m */ = {isa = PBXFileReference; lastKnownFileType = sourcecode.c.objc; path = AppDelegate.m; sourceTree = "<group>"; };
		9C3A63F61656DC9E004C7F73 /* Default.png */ = {isa = PBXFileReference; lastKnownFileType = image.png; path = Default.png; sourceTree = "<group>"; };
		9C3A63F81656DC9E004C7F73 /* Default@2x.png */ = {isa = PBXFileReference; lastKnownFileType = image.png; path = "Default@2x.png"; sourceTree = "<group>"; };
		9C3A63FA1656DC9E004C7F73 /* Default-568h@2x.png */ = {isa = PBXFileReference; lastKnownFileType = image.png; path = "Default-568h@2x.png"; sourceTree = "<group>"; };
		9C3A64071656DF29004C7F73 /* TableViewController.h */ = {isa = PBXFileReference; fileEncoding = 4; lastKnownFileType = sourcecode.c.h; path = TableViewController.h; sourceTree = "<group>"; };
		9C3A64081656DF29004C7F73 /* TableViewController.m */ = {isa = PBXFileReference; fileEncoding = 4; lastKnownFileType = sourcecode.c.objc; path = TableViewController.m; sourceTree = "<group>"; };
		9C3A640A1656DF45004C7F73 /* MerchantAppVenmoSDKDefines.h */ = {isa = PBXFileReference; fileEncoding = 4; lastKnownFileType = sourcecode.c.h; path = MerchantAppVenmoSDKDefines.h; sourceTree = "<group>"; };
		9C3A64341656E141004C7F73 /* Security.framework */ = {isa = PBXFileReference; lastKnownFileType = wrapper.framework; name = Security.framework; path = System/Library/Frameworks/Security.framework; sourceTree = SDKROOT; };
		9C6860DB165F504F000568A8 /* FSN_categories.h */ = {isa = PBXFileReference; fileEncoding = 4; lastKnownFileType = sourcecode.c.h; name = FSN_categories.h; path = Libraries/FSNetworking/FSN_categories.h; sourceTree = "<group>"; };
		9C6860DC165F504F000568A8 /* FSN_categories.m */ = {isa = PBXFileReference; fileEncoding = 4; lastKnownFileType = sourcecode.c.objc; name = FSN_categories.m; path = Libraries/FSNetworking/FSN_categories.m; sourceTree = "<group>"; };
		9C6860DD165F504F000568A8 /* FSNConnection.h */ = {isa = PBXFileReference; fileEncoding = 4; lastKnownFileType = sourcecode.c.h; name = FSNConnection.h; path = Libraries/FSNetworking/FSNConnection.h; sourceTree = "<group>"; };
		9C6860DE165F504F000568A8 /* FSNConnection.m */ = {isa = PBXFileReference; fileEncoding = 4; lastKnownFileType = sourcecode.c.objc; name = FSNConnection.m; path = Libraries/FSNetworking/FSNConnection.m; sourceTree = "<group>"; };
		9C6860DF165F504F000568A8 /* FSNData.h */ = {isa = PBXFileReference; fileEncoding = 4; lastKnownFileType = sourcecode.c.h; name = FSNData.h; path = Libraries/FSNetworking/FSNData.h; sourceTree = "<group>"; };
		9C6860E0165F504F000568A8 /* FSNData.m */ = {isa = PBXFileReference; fileEncoding = 4; lastKnownFileType = sourcecode.c.objc; name = FSNData.m; path = Libraries/FSNetworking/FSNData.m; sourceTree = "<group>"; };
/* End PBXFileReference section */

/* Begin PBXFrameworksBuildPhase section */
		9C3A63DD1656DC9E004C7F73 /* Frameworks */ = {
			isa = PBXFrameworksBuildPhase;
			buildActionMask = 2147483647;
			files = (
				9C3A64351656E141004C7F73 /* Security.framework in Frameworks */,
				9C3A63E51656DC9E004C7F73 /* UIKit.framework in Frameworks */,
				9C3A63E71656DC9E004C7F73 /* Foundation.framework in Frameworks */,
				9C3A63E91656DC9E004C7F73 /* CoreGraphics.framework in Frameworks */,
				9C370AA9166FE29D00B40F36 /* libVenmoSDK.a in Frameworks */,
			);
			runOnlyForDeploymentPostprocessing = 0;
		};
/* End PBXFrameworksBuildPhase section */

/* Begin PBXGroup section */
		9C3A63D51656DC9E004C7F73 = {
			isa = PBXGroup;
			children = (
				9C3A64341656E141004C7F73 /* Security.framework */,
				9C3A63EA1656DC9E004C7F73 /* VenmoIOSSDKSampleApp */,
				9C3A640B1656E0F0004C7F73 /* Libraries */,
				9C3A63E31656DC9E004C7F73 /* Frameworks */,
				9C3A63E11656DC9E004C7F73 /* Products */,
			);
			sourceTree = "<group>";
		};
		9C3A63E11656DC9E004C7F73 /* Products */ = {
			isa = PBXGroup;
			children = (
				9C3A63E01656DC9E004C7F73 /* VenmoIOSSDKSampleApp.app */,
			);
			name = Products;
			sourceTree = "<group>";
		};
		9C3A63E31656DC9E004C7F73 /* Frameworks */ = {
			isa = PBXGroup;
			children = (
				9C3A63E41656DC9E004C7F73 /* UIKit.framework */,
				9C3A63E61656DC9E004C7F73 /* Foundation.framework */,
				9C3A63E81656DC9E004C7F73 /* CoreGraphics.framework */,
			);
			name = Frameworks;
			sourceTree = "<group>";
		};
		9C3A63EA1656DC9E004C7F73 /* VenmoIOSSDKSampleApp */ = {
			isa = PBXGroup;
			children = (
				9C3A63F31656DC9E004C7F73 /* AppDelegate.h */,
				9C3A63F41656DC9E004C7F73 /* AppDelegate.m */,
				9C3A64071656DF29004C7F73 /* TableViewController.h */,
				9C3A64081656DF29004C7F73 /* TableViewController.m */,
				9C3A640A1656DF45004C7F73 /* MerchantAppVenmoSDKDefines.h */,
				9C3A63EB1656DC9E004C7F73 /* Supporting Files */,
			);
			path = VenmoIOSSDKSampleApp;
			sourceTree = "<group>";
		};
		9C3A63EB1656DC9E004C7F73 /* Supporting Files */ = {
			isa = PBXGroup;
			children = (
				9C3A63EC1656DC9E004C7F73 /* VenmoIOSSDKSampleApp-Info.plist */,
				9C3A63ED1656DC9E004C7F73 /* InfoPlist.strings */,
				9C3A63F01656DC9E004C7F73 /* main.m */,
				9C3A63F21656DC9E004C7F73 /* VenmoIOSSDKSampleApp-Prefix.pch */,
				9C3A63F61656DC9E004C7F73 /* Default.png */,
				9C3A63F81656DC9E004C7F73 /* Default@2x.png */,
				9C3A63FA1656DC9E004C7F73 /* Default-568h@2x.png */,
			);
			name = "Supporting Files";
			sourceTree = "<group>";
		};
		9C3A640B1656E0F0004C7F73 /* Libraries */ = {
			isa = PBXGroup;
			children = (
				9C3A640C1656E0F8004C7F73 /* Venmo SDK */,
				9C3A640D1656E100004C7F73 /* FSNetworking */,
			);
			name = Libraries;
			sourceTree = "<group>";
		};
		9C3A640C1656E0F8004C7F73 /* Venmo SDK */ = {
			isa = PBXGroup;
			children = (
				9C370A6F166FE29D00B40F36 /* Arrow01.png */,
				9C370A70166FE29D00B40F36 /* Arrow01@2x.png */,
				9C370A71166FE29D00B40F36 /* Arrow02.png */,
				9C370A72166FE29D00B40F36 /* Arrow02@2x.png */,
				9C370A73166FE29D00B40F36 /* BlueButtonBackgroundNormal.png */,
				9C370A74166FE29D00B40F36 /* BlueButtonBackgroundNormal@2x.png */,
				9C370A75166FE29D00B40F36 /* CardLogo.png */,
				9C370A76166FE29D00B40F36 /* CardLogo@2x.png */,
				9C370A77166FE29D00B40F36 /* CheckboxCheck.png */,
				9C370A78166FE29D00B40F36 /* CheckboxCheck@2x.png */,
				9C370A79166FE29D00B40F36 /* CheckboxUnchecked.png */,
				9C370A7A166FE29D00B40F36 /* CheckboxUnchecked@2x.png */,
				9C370A7B166FE29D00B40F36 /* CreditCard.png */,
				9C370A7C166FE29D00B40F36 /* CreditCard@2x.png */,
				9C370A7D166FE29D00B40F36 /* iPhone.png */,
				9C370A7E166FE29D00B40F36 /* iPhone@2x.png */,
				9C370A7F166FE29D00B40F36 /* libVenmoSDK.a */,
				9C370A80166FE29D00B40F36 /* Lock.png */,
				9C370A81166FE29D00B40F36 /* Lock@2x.png */,
				9C370A82166FE29D00B40F36 /* ModalClose.png */,
				9C370A83166FE29D00B40F36 /* ModalClose@2x.png */,
				9C370A84166FE29D00B40F36 /* UseCardArrow.png */,
				9C370A85166FE29D00B40F36 /* UseCardArrow@2x.png */,
				9C370A86166FE29D00B40F36 /* UseCardMag.png */,
				9C370A87166FE29D00B40F36 /* UseCardMag@2x.png */,
				9C370A88166FE29D00B40F36 /* UseCardRoundButton.png */,
				9C370A89166FE29D00B40F36 /* UseCardRoundButton@2x.png */,
				9C370A8A166FE29D00B40F36 /* UseCardRoundL.png */,
				9C370A8B166FE29D00B40F36 /* UseCardRoundL@2x.png */,
				9C370A8C166FE29D00B40F36 /* UseCardRoundR.png */,
				9C370A8D166FE29D00B40F36 /* UseCardRoundR@2x.png */,
				9C370A8E166FE29D00B40F36 /* VDKCardWidget.h */,
				9C370A8F166FE29D00B40F36 /* VDKCheckboxWidget.h */,
				9C370A90166FE29D00B40F36 /* VDKClient.h */,
				9C370A91166FE29D00B40F36 /* VenmoButton.png */,
				9C370A92166FE29D00B40F36 /* VenmoButton@2x.png */,
				9C370A93166FE29D00B40F36 /* VenmoIcon.png */,
				9C370A94166FE29D00B40F36 /* VenmoIcon@2x.png */,
				9C370A95166FE29D00B40F36 /* VenmoLogoGray.png */,
				9C370A96166FE29D00B40F36 /* VenmoLogoGray@2x.png */,
				9C370A97166FE29D00B40F36 /* VenmoMerchantImage.png */,
				9C370A98166FE29D00B40F36 /* VenmoMerchantImage@2x.png */,
			);
			name = "Venmo SDK";
			sourceTree = "<group>";
		};
		9C3A640D1656E100004C7F73 /* FSNetworking */ = {
			isa = PBXGroup;
			children = (
				9C6860DB165F504F000568A8 /* FSN_categories.h */,
				9C6860DC165F504F000568A8 /* FSN_categories.m */,
				9C6860DD165F504F000568A8 /* FSNConnection.h */,
				9C6860DE165F504F000568A8 /* FSNConnection.m */,
				9C6860DF165F504F000568A8 /* FSNData.h */,
				9C6860E0165F504F000568A8 /* FSNData.m */,
			);
			name = FSNetworking;
			sourceTree = "<group>";
		};
/* End PBXGroup section */

/* Begin PBXNativeTarget section */
		9C3A63DF1656DC9E004C7F73 /* VenmoIOSSDKSampleApp */ = {
			isa = PBXNativeTarget;
			buildConfigurationList = 9C3A64041656DC9E004C7F73 /* Build configuration list for PBXNativeTarget "VenmoIOSSDKSampleApp" */;
			buildPhases = (
				9C3A63DC1656DC9E004C7F73 /* Sources */,
				9C3A63DD1656DC9E004C7F73 /* Frameworks */,
				9C3A63DE1656DC9E004C7F73 /* Resources */,
			);
			buildRules = (
			);
			dependencies = (
			);
			name = VenmoIOSSDKSampleApp;
			productName = VenmoIOSSDKSampleApp;
			productReference = 9C3A63E01656DC9E004C7F73 /* VenmoIOSSDKSampleApp.app */;
			productType = "com.apple.product-type.application";
		};
/* End PBXNativeTarget section */

/* Begin PBXProject section */
		9C3A63D71656DC9E004C7F73 /* Project object */ = {
			isa = PBXProject;
			attributes = {
				LastUpgradeCheck = 0450;
				ORGANIZATIONNAME = Venmo;
			};
			buildConfigurationList = 9C3A63DA1656DC9E004C7F73 /* Build configuration list for PBXProject "VenmoIOSSDKSampleApp" */;
			compatibilityVersion = "Xcode 3.2";
			developmentRegion = English;
			hasScannedForEncodings = 0;
			knownRegions = (
				en,
			);
			mainGroup = 9C3A63D51656DC9E004C7F73;
			productRefGroup = 9C3A63E11656DC9E004C7F73 /* Products */;
			projectDirPath = "";
			projectRoot = "";
			targets = (
				9C3A63DF1656DC9E004C7F73 /* VenmoIOSSDKSampleApp */,
			);
		};
/* End PBXProject section */

/* Begin PBXResourcesBuildPhase section */
		9C3A63DE1656DC9E004C7F73 /* Resources */ = {
			isa = PBXResourcesBuildPhase;
			buildActionMask = 2147483647;
			files = (
				9C3A63EF1656DC9E004C7F73 /* InfoPlist.strings in Resources */,
				9C3A63F71656DC9E004C7F73 /* Default.png in Resources */,
				9C3A63F91656DC9E004C7F73 /* Default@2x.png in Resources */,
				9C3A63FB1656DC9E004C7F73 /* Default-568h@2x.png in Resources */,
				9C370A99166FE29D00B40F36 /* Arrow01.png in Resources */,
				9C370A9A166FE29D00B40F36 /* Arrow01@2x.png in Resources */,
				9C370A9B166FE29D00B40F36 /* Arrow02.png in Resources */,
				9C370A9C166FE29D00B40F36 /* Arrow02@2x.png in Resources */,
				9C370A9D166FE29D00B40F36 /* BlueButtonBackgroundNormal.png in Resources */,
				9C370A9E166FE29D00B40F36 /* BlueButtonBackgroundNormal@2x.png in Resources */,
				9C370A9F166FE29D00B40F36 /* CardLogo.png in Resources */,
				9C370AA0166FE29D00B40F36 /* CardLogo@2x.png in Resources */,
				9C370AA1166FE29D00B40F36 /* CheckboxCheck.png in Resources */,
				9C370AA2166FE29D00B40F36 /* CheckboxCheck@2x.png in Resources */,
				9C370AA3166FE29D00B40F36 /* CheckboxUnchecked.png in Resources */,
				9C370AA4166FE29D00B40F36 /* CheckboxUnchecked@2x.png in Resources */,
				9C370AA5166FE29D00B40F36 /* CreditCard.png in Resources */,
				9C370AA6166FE29D00B40F36 /* CreditCard@2x.png in Resources */,
				9C370AA7166FE29D00B40F36 /* iPhone.png in Resources */,
				9C370AA8166FE29D00B40F36 /* iPhone@2x.png in Resources */,
				9C370AAA166FE29D00B40F36 /* Lock.png in Resources */,
				9C370AAB166FE29D00B40F36 /* Lock@2x.png in Resources */,
				9C370AAC166FE29D00B40F36 /* ModalClose.png in Resources */,
				9C370AAD166FE29D00B40F36 /* ModalClose@2x.png in Resources */,
				9C370AAE166FE29D00B40F36 /* UseCardArrow.png in Resources */,
				9C370AAF166FE29D00B40F36 /* UseCardArrow@2x.png in Resources */,
				9C370AB0166FE29D00B40F36 /* UseCardMag.png in Resources */,
				9C370AB1166FE29D00B40F36 /* UseCardMag@2x.png in Resources */,
				9C370AB2166FE29D00B40F36 /* UseCardRoundButton.png in Resources */,
				9C370AB3166FE29D00B40F36 /* UseCardRoundButton@2x.png in Resources */,
				9C370AB4166FE29D00B40F36 /* UseCardRoundL.png in Resources */,
				9C370AB5166FE29D00B40F36 /* UseCardRoundL@2x.png in Resources */,
				9C370AB6166FE29D00B40F36 /* UseCardRoundR.png in Resources */,
				9C370AB7166FE29D00B40F36 /* UseCardRoundR@2x.png in Resources */,
				9C370AB8166FE29D00B40F36 /* VenmoButton.png in Resources */,
				9C370AB9166FE29D00B40F36 /* VenmoButton@2x.png in Resources */,
				9C370ABA166FE29D00B40F36 /* VenmoIcon.png in Resources */,
				9C370ABB166FE29D00B40F36 /* VenmoIcon@2x.png in Resources */,
				9C370ABC166FE29D00B40F36 /* VenmoLogoGray.png in Resources */,
				9C370ABD166FE29D00B40F36 /* VenmoLogoGray@2x.png in Resources */,
				9C370ABE166FE29D00B40F36 /* VenmoMerchantImage.png in Resources */,
				9C370ABF166FE29D00B40F36 /* VenmoMerchantImage@2x.png in Resources */,
			);
			runOnlyForDeploymentPostprocessing = 0;
		};
/* End PBXResourcesBuildPhase section */

/* Begin PBXSourcesBuildPhase section */
		9C3A63DC1656DC9E004C7F73 /* Sources */ = {
			isa = PBXSourcesBuildPhase;
			buildActionMask = 2147483647;
			files = (
				9C3A63F11656DC9E004C7F73 /* main.m in Sources */,
				9C3A63F51656DC9E004C7F73 /* AppDelegate.m in Sources */,
				9C3A64091656DF29004C7F73 /* TableViewController.m in Sources */,
				9C6860E1165F504F000568A8 /* FSN_categories.m in Sources */,
				9C6860E2165F504F000568A8 /* FSNConnection.m in Sources */,
				9C6860E3165F504F000568A8 /* FSNData.m in Sources */,
			);
			runOnlyForDeploymentPostprocessing = 0;
		};
/* End PBXSourcesBuildPhase section */

/* Begin PBXVariantGroup section */
		9C3A63ED1656DC9E004C7F73 /* InfoPlist.strings */ = {
			isa = PBXVariantGroup;
			children = (
				9C3A63EE1656DC9E004C7F73 /* en */,
			);
			name = InfoPlist.strings;
			sourceTree = "<group>";
		};
/* End PBXVariantGroup section */

/* Begin XCBuildConfiguration section */
		9C3A64021656DC9E004C7F73 /* Debug */ = {
			isa = XCBuildConfiguration;
			buildSettings = {
				ALWAYS_SEARCH_USER_PATHS = NO;
				CLANG_CXX_LANGUAGE_STANDARD = "gnu++0x";
				CLANG_CXX_LIBRARY = "libc++";
				CLANG_ENABLE_OBJC_ARC = YES;
				CLANG_WARN_EMPTY_BODY = YES;
				CLANG_WARN__DUPLICATE_METHOD_MATCH = YES;
				"CODE_SIGN_IDENTITY[sdk=iphoneos*]" = "iPhone Developer";
				COPY_PHASE_STRIP = NO;
				GCC_C_LANGUAGE_STANDARD = gnu99;
				GCC_DYNAMIC_NO_PIC = NO;
				GCC_OPTIMIZATION_LEVEL = 0;
				GCC_PREPROCESSOR_DEFINITIONS = (
					"DEBUG=1",
					"$(inherited)",
				);
				GCC_SYMBOLS_PRIVATE_EXTERN = NO;
				GCC_WARN_ABOUT_RETURN_TYPE = YES;
				GCC_WARN_UNINITIALIZED_AUTOS = YES;
				GCC_WARN_UNUSED_VARIABLE = YES;
				IPHONEOS_DEPLOYMENT_TARGET = 6.0;
				SDKROOT = iphoneos;
			};
			name = Debug;
		};
		9C3A64031656DC9E004C7F73 /* Release */ = {
			isa = XCBuildConfiguration;
			buildSettings = {
				ALWAYS_SEARCH_USER_PATHS = NO;
				CLANG_CXX_LANGUAGE_STANDARD = "gnu++0x";
				CLANG_CXX_LIBRARY = "libc++";
				CLANG_ENABLE_OBJC_ARC = YES;
				CLANG_WARN_EMPTY_BODY = YES;
				CLANG_WARN__DUPLICATE_METHOD_MATCH = YES;
				"CODE_SIGN_IDENTITY[sdk=iphoneos*]" = "iPhone Developer";
				COPY_PHASE_STRIP = YES;
				GCC_C_LANGUAGE_STANDARD = gnu99;
				GCC_WARN_ABOUT_RETURN_TYPE = YES;
				GCC_WARN_UNINITIALIZED_AUTOS = YES;
				GCC_WARN_UNUSED_VARIABLE = YES;
				IPHONEOS_DEPLOYMENT_TARGET = 6.0;
				OTHER_CFLAGS = "-DNS_BLOCK_ASSERTIONS=1";
				SDKROOT = iphoneos;
				VALIDATE_PRODUCT = YES;
			};
			name = Release;
		};
		9C3A64051656DC9E004C7F73 /* Debug */ = {
			isa = XCBuildConfiguration;
			buildSettings = {
				GCC_PRECOMPILE_PREFIX_HEADER = YES;
				GCC_PREFIX_HEADER = "VenmoIOSSDKSampleApp/VenmoIOSSDKSampleApp-Prefix.pch";
				INFOPLIST_FILE = "VenmoIOSSDKSampleApp/VenmoIOSSDKSampleApp-Info.plist";
				LIBRARY_SEARCH_PATHS = (
					"$(inherited)",
					"\"$(SRCROOT)/Libraries/Venmo SDK\"",
				);
				PRODUCT_NAME = VenmoIOSSDKSampleApp;
				WRAPPER_EXTENSION = app;
			};
			name = Debug;
		};
		9C3A64061656DC9E004C7F73 /* Release */ = {
			isa = XCBuildConfiguration;
			buildSettings = {
				GCC_PRECOMPILE_PREFIX_HEADER = YES;
				GCC_PREFIX_HEADER = "VenmoIOSSDKSampleApp/VenmoIOSSDKSampleApp-Prefix.pch";
				INFOPLIST_FILE = "VenmoIOSSDKSampleApp/VenmoIOSSDKSampleApp-Info.plist";
				LIBRARY_SEARCH_PATHS = (
					"$(inherited)",
					"\"$(SRCROOT)/Libraries/Venmo SDK\"",
				);
				PRODUCT_NAME = VenmoIOSSDKSampleApp;
				WRAPPER_EXTENSION = app;
			};
			name = Release;
		};
/* End XCBuildConfiguration section */

/* Begin XCConfigurationList section */
		9C3A63DA1656DC9E004C7F73 /* Build configuration list for PBXProject "VenmoIOSSDKSampleApp" */ = {
			isa = XCConfigurationList;
			buildConfigurations = (
				9C3A64021656DC9E004C7F73 /* Debug */,
				9C3A64031656DC9E004C7F73 /* Release */,
			);
			defaultConfigurationIsVisible = 0;
			defaultConfigurationName = Release;
		};
		9C3A64041656DC9E004C7F73 /* Build configuration list for PBXNativeTarget "VenmoIOSSDKSampleApp" */ = {
			isa = XCConfigurationList;
			buildConfigurations = (
				9C3A64051656DC9E004C7F73 /* Debug */,
				9C3A64061656DC9E004C7F73 /* Release */,
			);
			defaultConfigurationIsVisible = 0;
			defaultConfigurationName = Release;
		};
/* End XCConfigurationList section */
	};
	rootObject = 9C3A63D71656DC9E004C7F73 /* Project object */;
}
